
Microsoft Visual Studio Solution File, Format Version 12.00
# Visual Studio Version 16
VisualStudioVersion = 16.0.31424.327
MinimumVisualStudioVersion = 10.0.40219.1
Project("{FAE04EC0-301F-11D3-BF4B-00C04F79EFBC}") = "Value_at_risk", "Value_at_risk\Value_at_risk.csproj", "{1217F6CC-5275-41C7-8F8E-32C7E0F7C2EE}"
EndProject
Global
	GlobalSection(SolutionConfigurationPlatforms) = preSolution
		Debug|Any CPU = Debug|Any CPU
		Release|Any CPU = Release|Any CPU
	EndGlobalSection
	GlobalSection(ProjectConfigurationPlatforms) = postSolution
		{1217F6CC-5275-41C7-8F8E-32C7E0F7C2EE}.Debug|Any CPU.ActiveCfg = Debug|Any CPU
		{1217F6CC-5275-41C7-8F8E-32C7E0F7C2EE}.Debug|Any CPU.Build.0 = Debug|Any CPU
		{1217F6CC-5275-41C7-8F8E-32C7E0F7C2EE}.Release|Any CPU.ActiveCfg = Release|Any CPU
		{1217F6CC-5275-41C7-8F8E-32C7E0F7C2EE}.Release|Any CPU.Build.0 = Release|Any CPU
	EndGlobalSection
	GlobalSection(SolutionProperties) = preSolution
		HideSolutionNode = FALSE
	EndGlobalSection
	GlobalSection(ExtensibilityGlobals) = postSolution
		SolutionGuid = {60F676A6-4D42-4A02-B348-5552E4A7108C}
	EndGlobalSection
EndGlobal
